# This file is automatically @generated by Cargo.
# It is not intended for manual editing.
version = 4

[[package]]
name = "engine"
version = "0.1.0"
dependencies = [
 "termocline-format",
 "termocline-grid",
]

[[package]]
name = "termocline-format"
version = "0.1.0"

[[package]]
name = "termocline-grid"
version = "0.1.0"

[[package]]
name = "termocline-numerics"
version = "0.1.0"
dependencies = [
 "termocline-grid",
]

[[package]]
name = "visualizer"
version = "0.1.0"
dependencies = [
 "termocline-format",
]
